github.com/go-sql-driver/mysql v1.6.0 h1:BCTh4TKNUYmOmMUcQ3IipzF5prigylS7XXjEkfCHuOE=
github.com/go-sql-driver/mysql v1.6.0/go.mod h1:DCzpHaOWr8IXmIStZouvnhqoel9Qv2LBy8hT2VhHyBg=
github.com/issue9/assert/v2 v2.0.0 h1:vN7fr70g5ND6zM39tPZk/E4WCyjGMqApmFbujSTmEo0=
github.com/issue9/assert/v2 v2.0.0/go.mod h1:rKr1eVGzXUhAo2af1thiKAhIA8uiSK9Wyn7mcZ4BzAg=
github.com/issue9/conv v1.2.2 h1:DlvooVwcCgHxGxgVNSt4LFGxIVzWbMV8E2dmQlrGHNA=
github.com/issue9/conv v1.2.2/go.mod h1:uDqE/xgXbZ5UjC2J5+HLIoguE0qOKGzv7EzLzkvoRPE=
github.com/issue9/errwrap v0.2.1 h1:hrzBGbOCRs8acitpWSg54xNl2oaLGA/WZEf71bKaiEU=
github.com/issue9/errwrap v0.2.1/go.mod h1:hjjkt9S/owgy48er68ACFfA6YPDO/xax18QE3lsguVQ=
github.com/issue9/sliceutil v0.7.1 h1:lnzYryF50+mxqvnsPZRZ1on+gxx0Khx5t5G7q0Cf7gU=
github.com/issue9/sliceutil v0.7.1/go.mod h1:8e+l2bD67pBUtV8cVnGChE/Ltlq8czcDLR1pOGCC2tE=
github.com/lib/pq v1.10.3 h1:v9QZf2Sn6AmjXtQeFpdoq/eaNtYP6IN+7lcrygsIAtg=
github.com/lib/pq v1.10.3/go.mod h1:AlVN5x4E4T544tWzH6hKfbfQvm3HdbOxrmggDNAPY9o=
github.com/mattn/go-sqlite3 v1.14.8 h1:gDp86IdQsN/xWjIEmr9MF6o9mpksUgh0fu+9ByFxzIU=
github.com/mattn/go-sqlite3 v1.14.8/go.mod h1:NyWgC/yNuGj7Q9rpYnZvas74GogHl5/Z4A/KQRfk6bU=
github.com/shopspring/decimal v1.2.0 h1:abSATXmQEYyShuxI4/vyW3tV1MrKAJzCZ/0zLUXYbsQ=
github.com/shopspring/decimal v1.2.0/go.mod h1:DKyhrW/HYNuLGql+MJL6WCR6knT2jwCFRcu2hWCYk4o=
